
Microsoft Visual Studio Solution File, Format Version 12.00
# Visual Studio Version 17
VisualStudioVersion = 17.14.36705.20 d17.14
MinimumVisualStudioVersion = 10.0.40219.1
Project("{FAE04EC0-301F-11D3-BF4B-00C04F79EFBC}") = "Plant3DClipBox", "Plant3DClipBox.csproj", "{CBA59739-6E4B-163E-95CA-FF9188C0A7C9}"
EndProject
Global
	GlobalSection(SolutionConfigurationPlatforms) = preSolution
		Debug|Any CPU = Debug|Any CPU
		Release|Any CPU = Release|Any CPU
	EndGlobalSection
	GlobalSection(ProjectConfigurationPlatforms) = postSolution
		{CBA59739-6E4B-163E-95CA-FF9188C0A7C9}.Debug|Any CPU.ActiveCfg = Debug|Any CPU
		{CBA59739-6E4B-163E-95CA-FF9188C0A7C9}.Debug|Any CPU.Build.0 = Debug|Any CPU
		{CBA59739-6E4B-163E-95CA-FF9188C0A7C9}.Release|Any CPU.ActiveCfg = Release|Any CPU
		{CBA59739-6E4B-163E-95CA-FF9188C0A7C9}.Release|Any CPU.Build.0 = Release|Any CPU
	EndGlobalSection
	GlobalSection(SolutionProperties) = preSolution
		HideSolutionNode = FALSE
	EndGlobalSection
	GlobalSection(ExtensibilityGlobals) = postSolution
		SolutionGuid = {E1BBC36B-C2C9-4350-870B-9A4DB3382941}
	EndGlobalSection
EndGlobal
